
Microsoft Visual Studio Solution File, Format Version 12.00
# Visual Studio Version 17
VisualStudioVersion = 17.5.33424.131
MinimumVisualStudioVersion = 10.0.40219.1
Project("{FAE04EC0-301F-11D3-BF4B-00C04F79EFBC}") = "Cinema", "Cinema\Cinema.csproj", "{F293A1EA-FD14-416E-9B40-C70B9372C371}"
EndProject
Global
	GlobalSection(SolutionConfigurationPlatforms) = preSolution
		Debug|Any CPU = Debug|Any CPU
		Release|Any CPU = Release|Any CPU
	EndGlobalSection
	GlobalSection(ProjectConfigurationPlatforms) = postSolution
		{F293A1EA-FD14-416E-9B40-C70B9372C371}.Debug|Any CPU.ActiveCfg = Debug|Any CPU
		{F293A1EA-FD14-416E-9B40-C70B9372C371}.Debug|Any CPU.Build.0 = Debug|Any CPU
		{F293A1EA-FD14-416E-9B40-C70B9372C371}.Release|Any CPU.ActiveCfg = Release|Any CPU
		{F293A1EA-FD14-416E-9B40-C70B9372C371}.Release|Any CPU.Build.0 = Release|Any CPU
	EndGlobalSection
	GlobalSection(SolutionProperties) = preSolution
		HideSolutionNode = FALSE
	EndGlobalSection
	GlobalSection(ExtensibilityGlobals) = postSolution
		SolutionGuid = {8598A10A-5114-434A-A9CA-8C3B7C074E20}
	EndGlobalSection
EndGlobal
